
Microsoft Visual Studio Solution File, Format Version 12.00
# Visual Studio Version 17
VisualStudioVersion = 17.13.35931.197
MinimumVisualStudioVersion = 10.0.40219.1
Project("{FAE04EC0-301F-11D3-BF4B-00C04F79EFBC}") = "SchoolApplication", "SchoolApplication\SchoolApplication.csproj", "{065242BA-3DC2-4FDB-93AF-160BB169440E}"
EndProject
Project("{FAE04EC0-301F-11D3-BF4B-00C04F79EFBC}") = "Modeltest", "Modeltest\Modeltest.csproj", "{83B898EC-957B-447B-9813-144E99581744}"
EndProject
Global
	GlobalSection(SolutionConfigurationPlatforms) = preSolution
		Debug|Any CPU = Debug|Any CPU
		Release|Any CPU = Release|Any CPU
	EndGlobalSection
	GlobalSection(ProjectConfigurationPlatforms) = postSolution
		{065242BA-3DC2-4FDB-93AF-160BB169440E}.Debug|Any CPU.ActiveCfg = Debug|Any CPU
		{065242BA-3DC2-4FDB-93AF-160BB169440E}.Debug|Any CPU.Build.0 = Debug|Any CPU
		{065242BA-3DC2-4FDB-93AF-160BB169440E}.Release|Any CPU.ActiveCfg = Release|Any CPU
		{065242BA-3DC2-4FDB-93AF-160BB169440E}.Release|Any CPU.Build.0 = Release|Any CPU
		{83B898EC-957B-447B-9813-144E99581744}.Debug|Any CPU.ActiveCfg = Debug|Any CPU
		{83B898EC-957B-447B-9813-144E99581744}.Debug|Any CPU.Build.0 = Debug|Any CPU
		{83B898EC-957B-447B-9813-144E99581744}.Release|Any CPU.ActiveCfg = Release|Any CPU
		{83B898EC-957B-447B-9813-144E99581744}.Release|Any CPU.Build.0 = Release|Any CPU
	EndGlobalSection
	GlobalSection(SolutionProperties) = preSolution
		HideSolutionNode = FALSE
	EndGlobalSection
	GlobalSection(ExtensibilityGlobals) = postSolution
		SolutionGuid = {BF05131A-EF11-4908-AC68-76A1F399EDBF}
	EndGlobalSection
EndGlobal
